
Microsoft Visual Studio Solution File, Format Version 12.00
# Visual Studio Version 16
VisualStudioVersion = 16.0.30717.126
MinimumVisualStudioVersion = 10.0.40219.1
Project("{9A19103F-16F7-4668-BE54-9A1E7A4F7556}") = "Kurdi.CleanCode.Core", "Kurdi.CleanCode.Core\Kurdi.CleanCode.Core.csproj", "{FA95D05B-8D06-4FB5-96CD-65AD37448CE2}"
EndProject
Project("{9A19103F-16F7-4668-BE54-9A1E7A4F7556}") = "Kurdi.CleanCode.Infrastructure", "Kurdi.CleanCode.Infrastructure\Kurdi.CleanCode.Infrastructure.csproj", "{4193C5B6-4CBB-443E-9BB7-1EF234B02800}"
EndProject
Project("{9A19103F-16F7-4668-BE54-9A1E7A4F7556}") = "Kurdi.CleanCode.Services", "Kurdi.CleanCode.Services\Kurdi.CleanCode.Services.csproj", "{B7916578-FA82-44AE-B7FB-236FADB97A2A}"
EndProject
Project("{9A19103F-16F7-4668-BE54-9A1E7A4F7556}") = "Kurdi.CleanCode.Test", "Kurdi.CleanCode.Test\Kurdi.CleanCode.Test.csproj", "{BDE7752D-C7F5-4F10-BCAB-D2FBEB329A59}"
EndProject
Project("{9A19103F-16F7-4668-BE54-9A1E7A4F7556}") = "Kurdi.CleanCode.Api", "Kurdi.CleanCode.Api\Kurdi.CleanCode.Api.csproj", "{120548F9-0357-48A2-A90F-C97E55322FA5}"
EndProject
Project("{FAE04EC0-301F-11D3-BF4B-00C04F79EFBC}") = "Kurdi.CleanCode.Web", "Kurdi.CleanCode.Web\Kurdi.CleanCode.Web.csproj", "{53356570-EDED-40DA-AFB5-E619570E4BC0}"
EndProject
Project("{FAE04EC0-301F-11D3-BF4B-00C04F79EFBC}") = "Kurdi.CleanCode.EmailService", "Kurdi.CleanCode.EmailService\Kurdi.CleanCode.EmailService.csproj", "{D55F1C36-9EB3-4080-929E-0020CCF1038A}"
EndProject
Global
	GlobalSection(SolutionConfigurationPlatforms) = preSolution
		Debug|Any CPU = Debug|Any CPU
		Release|Any CPU = Release|Any CPU
	EndGlobalSection
	GlobalSection(ProjectConfigurationPlatforms) = postSolution
		{FA95D05B-8D06-4FB5-96CD-65AD37448CE2}.Debug|Any CPU.ActiveCfg = Debug|Any CPU
		{FA95D05B-8D06-4FB5-96CD-65AD37448CE2}.Debug|Any CPU.Build.0 = Debug|Any CPU
		{FA95D05B-8D06-4FB5-96CD-65AD37448CE2}.Release|Any CPU.ActiveCfg = Release|Any CPU
		{FA95D05B-8D06-4FB5-96CD-65AD37448CE2}.Release|Any CPU.Build.0 = Release|Any CPU
		{4193C5B6-4CBB-443E-9BB7-1EF234B02800}.Debug|Any CPU.ActiveCfg = Debug|Any CPU
		{4193C5B6-4CBB-443E-9BB7-1EF234B02800}.Debug|Any CPU.Build.0 = Debug|Any CPU
		{4193C5B6-4CBB-443E-9BB7-1EF234B02800}.Release|Any CPU.ActiveCfg = Release|Any CPU
		{4193C5B6-4CBB-443E-9BB7-1EF234B02800}.Release|Any CPU.Build.0 = Release|Any CPU
		{B7916578-FA82-44AE-B7FB-236FADB97A2A}.Debug|Any CPU.ActiveCfg = Debug|Any CPU
		{B7916578-FA82-44AE-B7FB-236FADB97A2A}.Debug|Any CPU.Build.0 = Debug|Any CPU
		{B7916578-FA82-44AE-B7FB-236FADB97A2A}.Release|Any CPU.ActiveCfg = Release|Any CPU
		{B7916578-FA82-44AE-B7FB-236FADB97A2A}.Release|Any CPU.Build.0 = Release|Any CPU
		{BDE7752D-C7F5-4F10-BCAB-D2FBEB329A59}.Debug|Any CPU.ActiveCfg = Debug|Any CPU
		{BDE7752D-C7F5-4F10-BCAB-D2FBEB329A59}.Debug|Any CPU.Build.0 = Debug|Any CPU
		{BDE7752D-C7F5-4F10-BCAB-D2FBEB329A59}.Release|Any CPU.ActiveCfg = Release|Any CPU
		{BDE7752D-C7F5-4F10-BCAB-D2FBEB329A59}.Release|Any CPU.Build.0 = Release|Any CPU
		{120548F9-0357-48A2-A90F-C97E55322FA5}.Debug|Any CPU.ActiveCfg = Debug|Any CPU
		{120548F9-0357-48A2-A90F-C97E55322FA5}.Debug|Any CPU.Build.0 = Debug|Any CPU
		{120548F9-0357-48A2-A90F-C97E55322FA5}.Release|Any CPU.ActiveCfg = Release|Any CPU
		{120548F9-0357-48A2-A90F-C97E55322FA5}.Release|Any CPU.Build.0 = Release|Any CPU
		{53356570-EDED-40DA-AFB5-E619570E4BC0}.Debug|Any CPU.ActiveCfg = Debug|Any CPU
		{53356570-EDED-40DA-AFB5-E619570E4BC0}.Debug|Any CPU.Build.0 = Debug|Any CPU
		{53356570-EDED-40DA-AFB5-E619570E4BC0}.Release|Any CPU.ActiveCfg = Release|Any CPU
		{53356570-EDED-40DA-AFB5-E619570E4BC0}.Release|Any CPU.Build.0 = Release|Any CPU
		{D55F1C36-9EB3-4080-929E-0020CCF1038A}.Debug|Any CPU.ActiveCfg = Debug|Any CPU
		{D55F1C36-9EB3-4080-929E-0020CCF1038A}.Debug|Any CPU.Build.0 = Debug|Any CPU
		{D55F1C36-9EB3-4080-929E-0020CCF1038A}.Release|Any CPU.ActiveCfg = Release|Any CPU
		{D55F1C36-9EB3-4080-929E-0020CCF1038A}.Release|Any CPU.Build.0 = Release|Any CPU
	EndGlobalSection
	GlobalSection(SolutionProperties) = preSolution
		HideSolutionNode = FALSE
	EndGlobalSection
	GlobalSection(ExtensibilityGlobals) = postSolution
		SolutionGuid = {F5D240EC-65B9-4B86-BD5E-387A5E055D04}
	EndGlobalSection
EndGlobal
